
Microsoft Visual Studio Solution File, Format Version 12.00
# Visual Studio Version 17
VisualStudioVersion = 17.14.36414.22
MinimumVisualStudioVersion = 10.0.40219.1
Project("{2150E333-8FDC-42A3-9474-1A3956D46DE8}") = "Task0", "Task0", "{02EA681E-C7D8-13C7-8484-4AC65E1B71E8}"
EndProject
Project("{FAE04EC0-301F-11D3-BF4B-00C04F79EFBC}") = "Tyuiu.TikhomirovaKA.Sprint0.Task0.V0", "Tyuiu.TikhomirovaKA.Sprint0.Task0.V0\Tyuiu.TikhomirovaKA.Sprint0.Task0.V0.csproj", "{F6AF54D2-A352-4C19-8209-03B6077E3503}"
EndProject
Project("{2150E333-8FDC-42A3-9474-1A3956D46DE8}") = "Task1", "Task1", "{17BB1524-0AC3-4B20-8D68-B7E8C6E957CA}"
EndProject
Project("{FAE04EC0-301F-11D3-BF4B-00C04F79EFBC}") = "Tyuiu.TikhomirovaKA.Sprint0.Task1.V0", "Tyuiu.TikhomirovaKA.Sprint0.Task1.V0\Tyuiu.TikhomirovaKA.Sprint0.Task1.V0.csproj", "{531E6433-02AC-4259-9BC4-7A7EFFC792F5}"
EndProject
Project("{2150E333-8FDC-42A3-9474-1A3956D46DE8}") = "Task2", "Task2", "{DF20F010-A112-4248-AB60-BCF9C2F09E66}"
EndProject
Project("{FAE04EC0-301F-11D3-BF4B-00C04F79EFBC}") = "Tyuiu.TikhomirovaKA.Sprint0.Task2.V0", "yuiu.TikhomirovaKA.Sprint0.Task2.V0\Tyuiu.TikhomirovaKA.Sprint0.Task2.V0.csproj", "{36893973-E15B-4EFF-B31B-39731F721562}"
EndProject
Project("{FAE04EC0-301F-11D3-BF4B-00C04F79EFBC}") = "Tyuiu.TikhomirovaKA.Sprint0.Task2.V0.Lib", "yuiu.TikhomirovaKA.Sprint0.Task2.V0.Lib\Tyuiu.TikhomirovaKA.Sprint0.Task2.V0.Lib.csproj", "{2162D5FD-BB80-4FDB-BA46-F4E527230162}"
EndProject
Project("{FAE04EC0-301F-11D3-BF4B-00C04F79EFBC}") = "Tyuiu.TikhomirovaKA.Sprint0.Task2.V0.Test", "Tyuiu.TikhomirovaKA.Sprint0.Task2.V0.Test\Tyuiu.TikhomirovaKA.Sprint0.Task2.V0.Test.csproj", "{5B5FA2E8-B9A6-406A-8D1F-FFEC1239EFB3}"
EndProject
Project("{2150E333-8FDC-42A3-9474-1A3956D46DE8}") = "Task3", "Task3", "{1843736A-B33B-4BC5-A426-ECA0E427849C}"
EndProject
Project("{FAE04EC0-301F-11D3-BF4B-00C04F79EFBC}") = "Tyuiu.TikhomirovaKA.Sprint0.Task3.V0", "Tyuiu.TikhomirovaKA.Sprint0.Task3.V0\Tyuiu.TikhomirovaKA.Sprint0.Task3.V0.csproj", "{E575AB25-E7D3-410E-B075-DD9626B4C7BA}"
EndProject
Project("{FAE04EC0-301F-11D3-BF4B-00C04F79EFBC}") = "Tyuiu.TikhomirovaKA.Sprint0.Task3.V0.Test", "Tyuiu.TikhomirovaKA.Sprint0.Task3.V0.Test\Tyuiu.TikhomirovaKA.Sprint0.Task3.V0.Test.csproj", "{5506DB49-9CC0-4E56-8E1B-C026866D2DEE}"
EndProject
Project("{FAE04EC0-301F-11D3-BF4B-00C04F79EFBC}") = "Tyuiu.TikhomirovaKA.Sprint0.Task3.V0.Lib", "Tyuiu.TikhomirovaKA.Sprint0.Task3.V0.Lib\Tyuiu.TikhomirovaKA.Sprint0.Task3.V0.Lib.csproj", "{18645F2B-B94E-4DFB-931E-3CB6AA19FAC4}"
EndProject
Project("{2150E333-8FDC-42A3-9474-1A3956D46DE8}") = "Task4", "Task4", "{9C5CFC0A-845E-4095-B3C9-643EBF87BA0E}"
EndProject
Project("{FAE04EC0-301F-11D3-BF4B-00C04F79EFBC}") = "Tyuiu.TikhomirovaKA.Sprint0.Task4.V0", "Tyuiu.TikhomirovaKA.Sprint0.Task4.V0\Tyuiu.TikhomirovaKA.Sprint0.Task4.V0.csproj", "{840B66B0-0E03-4AB7-B7D6-63DAC3BB6AA6}"
EndProject
Project("{FAE04EC0-301F-11D3-BF4B-00C04F79EFBC}") = "Tyuiu.TikhomirovaKA.Sprint0.Task4.V0.Lib", "Tyuiu.TikhomirovaKA.Sprint0.Task4.V0.Lib\Tyuiu.TikhomirovaKA.Sprint0.Task4.V0.Lib.csproj", "{E11728ED-499E-454C-AF84-08F239D37B87}"
EndProject
Project("{FAE04EC0-301F-11D3-BF4B-00C04F79EFBC}") = "Tyuiu.TikhomirovaKA.Sprint0.Task4.V0.Test", "Tyuiu.TikhomirovaKA.Sprint0.Task4.V0.Test\Tyuiu.TikhomirovaKA.Sprint0.Task4.V0.Test.csproj", "{B952867A-4925-4993-9D1F-831D096E255F}"
EndProject
Global
	GlobalSection(SolutionConfigurationPlatforms) = preSolution
		Debug|Any CPU = Debug|Any CPU
		Release|Any CPU = Release|Any CPU
	EndGlobalSection
	GlobalSection(ProjectConfigurationPlatforms) = postSolution
		{F6AF54D2-A352-4C19-8209-03B6077E3503}.Debug|Any CPU.ActiveCfg = Debug|Any CPU
		{F6AF54D2-A352-4C19-8209-03B6077E3503}.Debug|Any CPU.Build.0 = Debug|Any CPU
		{F6AF54D2-A352-4C19-8209-03B6077E3503}.Release|Any CPU.ActiveCfg = Release|Any CPU
		{F6AF54D2-A352-4C19-8209-03B6077E3503}.Release|Any CPU.Build.0 = Release|Any CPU
		{531E6433-02AC-4259-9BC4-7A7EFFC792F5}.Debug|Any CPU.ActiveCfg = Debug|Any CPU
		{531E6433-02AC-4259-9BC4-7A7EFFC792F5}.Debug|Any CPU.Build.0 = Debug|Any CPU
		{531E6433-02AC-4259-9BC4-7A7EFFC792F5}.Release|Any CPU.ActiveCfg = Release|Any CPU
		{531E6433-02AC-4259-9BC4-7A7EFFC792F5}.Release|Any CPU.Build.0 = Release|Any CPU
		{36893973-E15B-4EFF-B31B-39731F721562}.Debug|Any CPU.ActiveCfg = Debug|Any CPU
		{36893973-E15B-4EFF-B31B-39731F721562}.Debug|Any CPU.Build.0 = Debug|Any CPU
		{36893973-E15B-4EFF-B31B-39731F721562}.Release|Any CPU.ActiveCfg = Release|Any CPU
		{36893973-E15B-4EFF-B31B-39731F721562}.Release|Any CPU.Build.0 = Release|Any CPU
		{2162D5FD-BB80-4FDB-BA46-F4E527230162}.Debug|Any CPU.ActiveCfg = Debug|Any CPU
		{2162D5FD-BB80-4FDB-BA46-F4E527230162}.Debug|Any CPU.Build.0 = Debug|Any CPU
		{2162D5FD-BB80-4FDB-BA46-F4E527230162}.Release|Any CPU.ActiveCfg = Release|Any CPU
		{2162D5FD-BB80-4FDB-BA46-F4E527230162}.Release|Any CPU.Build.0 = Release|Any CPU
		{5B5FA2E8-B9A6-406A-8D1F-FFEC1239EFB3}.Debug|Any CPU.ActiveCfg = Debug|Any CPU
		{5B5FA2E8-B9A6-406A-8D1F-FFEC1239EFB3}.Debug|Any CPU.Build.0 = Debug|Any CPU
		{5B5FA2E8-B9A6-406A-8D1F-FFEC1239EFB3}.Release|Any CPU.ActiveCfg = Release|Any CPU
		{5B5FA2E8-B9A6-406A-8D1F-FFEC1239EFB3}.Release|Any CPU.Build.0 = Release|Any CPU
		{E575AB25-E7D3-410E-B075-DD9626B4C7BA}.Debug|Any CPU.ActiveCfg = Debug|Any CPU
		{E575AB25-E7D3-410E-B075-DD9626B4C7BA}.Debug|Any CPU.Build.0 = Debug|Any CPU
		{E575AB25-E7D3-410E-B075-DD9626B4C7BA}.Release|Any CPU.ActiveCfg = Release|Any CPU
		{E575AB25-E7D3-410E-B075-DD9626B4C7BA}.Release|Any CPU.Build.0 = Release|Any CPU
		{5506DB49-9CC0-4E56-8E1B-C026866D2DEE}.Debug|Any CPU.ActiveCfg = Debug|Any CPU
		{5506DB49-9CC0-4E56-8E1B-C026866D2DEE}.Debug|Any CPU.Build.0 = Debug|Any CPU
		{5506DB49-9CC0-4E56-8E1B-C026866D2DEE}.Release|Any CPU.ActiveCfg = Release|Any CPU
		{5506DB49-9CC0-4E56-8E1B-C026866D2DEE}.Release|Any CPU.Build.0 = Release|Any CPU
		{18645F2B-B94E-4DFB-931E-3CB6AA19FAC4}.Debug|Any CPU.ActiveCfg = Debug|Any CPU
		{18645F2B-B94E-4DFB-931E-3CB6AA19FAC4}.Debug|Any CPU.Build.0 = Debug|Any CPU
		{18645F2B-B94E-4DFB-931E-3CB6AA19FAC4}.Release|Any CPU.ActiveCfg = Release|Any CPU
		{18645F2B-B94E-4DFB-931E-3CB6AA19FAC4}.Release|Any CPU.Build.0 = Release|Any CPU
		{840B66B0-0E03-4AB7-B7D6-63DAC3BB6AA6}.Debug|Any CPU.ActiveCfg = Debug|Any CPU
		{840B66B0-0E03-4AB7-B7D6-63DAC3BB6AA6}.Debug|Any CPU.Build.0 = Debug|Any CPU
		{840B66B0-0E03-4AB7-B7D6-63DAC3BB6AA6}.Release|Any CPU.ActiveCfg = Release|Any CPU
		{840B66B0-0E03-4AB7-B7D6-63DAC3BB6AA6}.Release|Any CPU.Build.0 = Release|Any CPU
		{E11728ED-499E-454C-AF84-08F239D37B87}.Debug|Any CPU.ActiveCfg = Debug|Any CPU
		{E11728ED-499E-454C-AF84-08F239D37B87}.Debug|Any CPU.Build.0 = Debug|Any CPU
		{E11728ED-499E-454C-AF84-08F239D37B87}.Release|Any CPU.ActiveCfg = Release|Any CPU
		{E11728ED-499E-454C-AF84-08F239D37B87}.Release|Any CPU.Build.0 = Release|Any CPU
		{B952867A-4925-4993-9D1F-831D096E255F}.Debug|Any CPU.ActiveCfg = Debug|Any CPU
		{B952867A-4925-4993-9D1F-831D096E255F}.Debug|Any CPU.Build.0 = Debug|Any CPU
		{B952867A-4925-4993-9D1F-831D096E255F}.Release|Any CPU.ActiveCfg = Release|Any CPU
		{B952867A-4925-4993-9D1F-831D096E255F}.Release|Any CPU.Build.0 = Release|Any CPU
	EndGlobalSection
	GlobalSection(SolutionProperties) = preSolution
		HideSolutionNode = FALSE
	EndGlobalSection
	GlobalSection(NestedProjects) = preSolution
		{F6AF54D2-A352-4C19-8209-03B6077E3503} = {02EA681E-C7D8-13C7-8484-4AC65E1B71E8}
		{531E6433-02AC-4259-9BC4-7A7EFFC792F5} = {17BB1524-0AC3-4B20-8D68-B7E8C6E957CA}
		{36893973-E15B-4EFF-B31B-39731F721562} = {DF20F010-A112-4248-AB60-BCF9C2F09E66}
		{2162D5FD-BB80-4FDB-BA46-F4E527230162} = {DF20F010-A112-4248-AB60-BCF9C2F09E66}
		{5B5FA2E8-B9A6-406A-8D1F-FFEC1239EFB3} = {DF20F010-A112-4248-AB60-BCF9C2F09E66}
		{E575AB25-E7D3-410E-B075-DD9626B4C7BA} = {1843736A-B33B-4BC5-A426-ECA0E427849C}
		{5506DB49-9CC0-4E56-8E1B-C026866D2DEE} = {1843736A-B33B-4BC5-A426-ECA0E427849C}
		{18645F2B-B94E-4DFB-931E-3CB6AA19FAC4} = {1843736A-B33B-4BC5-A426-ECA0E427849C}
		{840B66B0-0E03-4AB7-B7D6-63DAC3BB6AA6} = {9C5CFC0A-845E-4095-B3C9-643EBF87BA0E}
		{E11728ED-499E-454C-AF84-08F239D37B87} = {9C5CFC0A-845E-4095-B3C9-643EBF87BA0E}
		{B952867A-4925-4993-9D1F-831D096E255F} = {9C5CFC0A-845E-4095-B3C9-643EBF87BA0E}
	EndGlobalSection
	GlobalSection(ExtensibilityGlobals) = postSolution
		SolutionGuid = {309F5E75-FDB1-426C-99FC-E081685E53A2}
	EndGlobalSection
EndGlobal
